
Microsoft Visual Studio Solution File, Format Version 12.00
# Visual Studio 14
VisualStudioVersion = 14.0.25420.1
MinimumVisualStudioVersion = 10.0.40219.1
Project("{FAE04EC0-301F-11D3-BF4B-00C04F79EFBC}") = "极简浏览器", "极简浏览器\极简浏览器.csproj", "{42E299F0-DF88-406B-9E7E-C9FA72DF8064}"
EndProject
Project("{FAE04EC0-301F-11D3-BF4B-00C04F79EFBC}") = "RegstryIE", "RegstryIE\RegstryIE.csproj", "{3CF1A38C-B113-4093-B353-35AC7E5A95B0}"
EndProject
Project("{2150E333-8FDC-42A3-9474-1A3956D46DE8}") = "Solution Items", "Solution Items", "{020BF091-13C3-4CCD-96FD-5537D2C5FBB1}"
	ProjectSection(SolutionItems) = preProject
		Performance1.psess = Performance1.psess
	EndProjectSection
EndProject
Project("{FAE04EC0-301F-11D3-BF4B-00C04F79EFBC}") = "极简浏览器Cef", "极简浏览器Cef\极简浏览器Cef.csproj", "{C461B88A-2B92-4EEA-A10D-140FC4758D02}"
EndProject
Global
	GlobalSection(SolutionConfigurationPlatforms) = preSolution
		2.0D|Any CPU = 2.0D|Any CPU
		2.0R|Any CPU = 2.0R|Any CPU
		Debug|Any CPU = Debug|Any CPU
		Release|Any CPU = Release|Any CPU
	EndGlobalSection
	GlobalSection(ProjectConfigurationPlatforms) = postSolution
		{42E299F0-DF88-406B-9E7E-C9FA72DF8064}.2.0D|Any CPU.ActiveCfg = 2.0D|Any CPU
		{42E299F0-DF88-406B-9E7E-C9FA72DF8064}.2.0D|Any CPU.Build.0 = 2.0D|Any CPU
		{42E299F0-DF88-406B-9E7E-C9FA72DF8064}.2.0R|Any CPU.ActiveCfg = 2.0D|Any CPU
		{42E299F0-DF88-406B-9E7E-C9FA72DF8064}.2.0R|Any CPU.Build.0 = 2.0D|Any CPU
		{42E299F0-DF88-406B-9E7E-C9FA72DF8064}.Debug|Any CPU.ActiveCfg = Debug|Any CPU
		{42E299F0-DF88-406B-9E7E-C9FA72DF8064}.Debug|Any CPU.Build.0 = Debug|Any CPU
		{42E299F0-DF88-406B-9E7E-C9FA72DF8064}.Release|Any CPU.ActiveCfg = Release|Any CPU
		{42E299F0-DF88-406B-9E7E-C9FA72DF8064}.Release|Any CPU.Build.0 = Release|Any CPU
		{3CF1A38C-B113-4093-B353-35AC7E5A95B0}.2.0D|Any CPU.ActiveCfg = Release|Any CPU
		{3CF1A38C-B113-4093-B353-35AC7E5A95B0}.2.0D|Any CPU.Build.0 = Release|Any CPU
		{3CF1A38C-B113-4093-B353-35AC7E5A95B0}.2.0R|Any CPU.ActiveCfg = Release|Any CPU
		{3CF1A38C-B113-4093-B353-35AC7E5A95B0}.2.0R|Any CPU.Build.0 = Release|Any CPU
		{3CF1A38C-B113-4093-B353-35AC7E5A95B0}.Debug|Any CPU.ActiveCfg = Debug|Any CPU
		{3CF1A38C-B113-4093-B353-35AC7E5A95B0}.Debug|Any CPU.Build.0 = Debug|Any CPU
		{3CF1A38C-B113-4093-B353-35AC7E5A95B0}.Release|Any CPU.ActiveCfg = Release|Any CPU
		{3CF1A38C-B113-4093-B353-35AC7E5A95B0}.Release|Any CPU.Build.0 = Release|Any CPU
		{C461B88A-2B92-4EEA-A10D-140FC4758D02}.2.0D|Any CPU.ActiveCfg = Release|Any CPU
		{C461B88A-2B92-4EEA-A10D-140FC4758D02}.2.0D|Any CPU.Build.0 = Release|Any CPU
		{C461B88A-2B92-4EEA-A10D-140FC4758D02}.2.0R|Any CPU.ActiveCfg = Release|Any CPU
		{C461B88A-2B92-4EEA-A10D-140FC4758D02}.2.0R|Any CPU.Build.0 = Release|Any CPU
		{C461B88A-2B92-4EEA-A10D-140FC4758D02}.Debug|Any CPU.ActiveCfg = Debug|Any CPU
		{C461B88A-2B92-4EEA-A10D-140FC4758D02}.Debug|Any CPU.Build.0 = Debug|Any CPU
		{C461B88A-2B92-4EEA-A10D-140FC4758D02}.Release|Any CPU.ActiveCfg = Release|Any CPU
		{C461B88A-2B92-4EEA-A10D-140FC4758D02}.Release|Any CPU.Build.0 = Release|Any CPU
	EndGlobalSection
	GlobalSection(SolutionProperties) = preSolution
		HideSolutionNode = FALSE
	EndGlobalSection
EndGlobal
